
Microsoft Visual Studio Solution File, Format Version 12.00
# Visual Studio Version 17
VisualStudioVersion = 17.5.33424.131
MinimumVisualStudioVersion = 10.0.40219.1
Project("{FAE04EC0-301F-11D3-BF4B-00C04F79EFBC}") = "DevOps1", "DevOps1.csproj", "{19307C30-C031-4746-991C-123CD0EE196E}"
EndProject
Global
	GlobalSection(SolutionConfigurationPlatforms) = preSolution
		Debug|Any CPU = Debug|Any CPU
		Release|Any CPU = Release|Any CPU
	EndGlobalSection
	GlobalSection(ProjectConfigurationPlatforms) = postSolution
		{19307C30-C031-4746-991C-123CD0EE196E}.Debug|Any CPU.ActiveCfg = Debug|Any CPU
		{19307C30-C031-4746-991C-123CD0EE196E}.Debug|Any CPU.Build.0 = Debug|Any CPU
		{19307C30-C031-4746-991C-123CD0EE196E}.Release|Any CPU.ActiveCfg = Release|Any CPU
		{19307C30-C031-4746-991C-123CD0EE196E}.Release|Any CPU.Build.0 = Release|Any CPU
	EndGlobalSection
	GlobalSection(SolutionProperties) = preSolution
		HideSolutionNode = FALSE
	EndGlobalSection
	GlobalSection(ExtensibilityGlobals) = postSolution
		SolutionGuid = {CF81FFA5-5BC0-456C-B9EA-1817AC8A2557}
	EndGlobalSection
EndGlobal
